{
  "name": "k6-simple",
  "version": "1.0.0",
  "lockfileVersion": 2,
  "requires": true,
  "packages": {
    "": {
      "name": "k6-simple",
      "version": "1.0.0",
      "license": "ISC",
      "dependencies": {
        "ndc-2021-workshop-dummy-login": "^1.0.4"
      }
    },
    "node_modules/ndc-2021-workshop-dummy-login": {
      "version": "1.0.4",
      "resolved": "https://registry.npmjs.org/ndc-2021-workshop-dummy-login/-/ndc-2021-workshop-dummy-login-1.0.4.tgz",
      "integrity": "sha512-VtxLwdSMaNtclUIZU/N/j9EsBGzf9RxOQ4HiVzcdxnbZeMxf7FbFBlvfJqPZCVNufvrWBQW0KCrC7xtK/KAunQ=="
    }
  },
  "dependencies": {
    "ndc-2021-workshop-dummy-login": {
      "version": "1.0.4",
      "resolved": "https://registry.npmjs.org/ndc-2021-workshop-dummy-login/-/ndc-2021-workshop-dummy-login-1.0.4.tgz",
      "integrity": "sha512-VtxLwdSMaNtclUIZU/N/j9EsBGzf9RxOQ4HiVzcdxnbZeMxf7FbFBlvfJqPZCVNufvrWBQW0KCrC7xtK/KAunQ=="
    }
  }
}
